
Microsoft Visual Studio Solution File, Format Version 12.00
# Visual Studio Version 17
VisualStudioVersion = 17.7.34009.444
MinimumVisualStudioVersion = 10.0.40219.1
Project("{9A19103F-16F7-4668-BE54-9A1E7A4F7556}") = "ShopApiWeb", "ShopApiWeb.csproj", "{999896C2-C01F-4CAA-AEFB-4527876D51A9}"
EndProject
Global
	GlobalSection(SolutionConfigurationPlatforms) = preSolution
		Debug|Any CPU = Debug|Any CPU
		Release|Any CPU = Release|Any CPU
	EndGlobalSection
	GlobalSection(ProjectConfigurationPlatforms) = postSolution
		{999896C2-C01F-4CAA-AEFB-4527876D51A9}.Debug|Any CPU.ActiveCfg = Debug|Any CPU
		{999896C2-C01F-4CAA-AEFB-4527876D51A9}.Debug|Any CPU.Build.0 = Debug|Any CPU
		{999896C2-C01F-4CAA-AEFB-4527876D51A9}.Release|Any CPU.ActiveCfg = Release|Any CPU
		{999896C2-C01F-4CAA-AEFB-4527876D51A9}.Release|Any CPU.Build.0 = Release|Any CPU
	EndGlobalSection
	GlobalSection(SolutionProperties) = preSolution
		HideSolutionNode = FALSE
	EndGlobalSection
	GlobalSection(ExtensibilityGlobals) = postSolution
		SolutionGuid = {BB48CAAC-FC55-47CA-9321-1EA50BB9C3FB}
	EndGlobalSection
EndGlobal
